
Microsoft Visual Studio Solution File, Format Version 12.00
# Visual Studio Version 17
VisualStudioVersion = 17.0.31903.59
MinimumVisualStudioVersion = 10.0.40219.1
Project("{FAE04EC0-301F-11D3-BF4B-00C04F79EFBC}") = "Almoxarifado", "Almoxarifado\Almoxarifado.csproj", "{4D1B8073-F0F9-4132-B403-2913BB9BF197}"
EndProject
Project("{FAE04EC0-301F-11D3-BF4B-00C04F79EFBC}") = "AlmoxarifadoTest", "AlmoxarifadoTest\AlmoxarifadoTest.csproj", "{09C00465-64F1-451B-99E7-33FEB4D42CD4}"
EndProject
Global
	GlobalSection(SolutionConfigurationPlatforms) = preSolution
		Debug|Any CPU = Debug|Any CPU
		Release|Any CPU = Release|Any CPU
	EndGlobalSection
	GlobalSection(SolutionProperties) = preSolution
		HideSolutionNode = FALSE
	EndGlobalSection
	GlobalSection(ProjectConfigurationPlatforms) = postSolution
		{4D1B8073-F0F9-4132-B403-2913BB9BF197}.Debug|Any CPU.ActiveCfg = Debug|Any CPU
		{4D1B8073-F0F9-4132-B403-2913BB9BF197}.Debug|Any CPU.Build.0 = Debug|Any CPU
		{4D1B8073-F0F9-4132-B403-2913BB9BF197}.Release|Any CPU.ActiveCfg = Release|Any CPU
		{4D1B8073-F0F9-4132-B403-2913BB9BF197}.Release|Any CPU.Build.0 = Release|Any CPU
		{09C00465-64F1-451B-99E7-33FEB4D42CD4}.Debug|Any CPU.ActiveCfg = Debug|Any CPU
		{09C00465-64F1-451B-99E7-33FEB4D42CD4}.Debug|Any CPU.Build.0 = Debug|Any CPU
		{09C00465-64F1-451B-99E7-33FEB4D42CD4}.Release|Any CPU.ActiveCfg = Release|Any CPU
		{09C00465-64F1-451B-99E7-33FEB4D42CD4}.Release|Any CPU.Build.0 = Release|Any CPU
	EndGlobalSection
EndGlobal
